
Microsoft Visual Studio Solution File, Format Version 12.00
# Visual Studio Version 16
VisualStudioVersion = 16.0.31702.278
MinimumVisualStudioVersion = 10.0.40219.1
Project("{8BC9CEB8-8B4A-11D0-8D11-00A0C91BC942}") = "Tic tac Toe", "Tic tac Toe.vcxproj", "{9A466692-3471-44BA-AB5A-918817D8964C}"
EndProject
Global
	GlobalSection(SolutionConfigurationPlatforms) = preSolution
		Debug|x64 = Debug|x64
		Debug|x86 = Debug|x86
		Release|x64 = Release|x64
		Release|x86 = Release|x86
	EndGlobalSection
	GlobalSection(ProjectConfigurationPlatforms) = postSolution
		{9A466692-3471-44BA-AB5A-918817D8964C}.Debug|x64.ActiveCfg = Debug|x64
		{9A466692-3471-44BA-AB5A-918817D8964C}.Debug|x64.Build.0 = Debug|x64
		{9A466692-3471-44BA-AB5A-918817D8964C}.Debug|x86.ActiveCfg = Debug|Win32
		{9A466692-3471-44BA-AB5A-918817D8964C}.Debug|x86.Build.0 = Debug|Win32
		{9A466692-3471-44BA-AB5A-918817D8964C}.Release|x64.ActiveCfg = Release|x64
		{9A466692-3471-44BA-AB5A-918817D8964C}.Release|x64.Build.0 = Release|x64
		{9A466692-3471-44BA-AB5A-918817D8964C}.Release|x86.ActiveCfg = Release|Win32
		{9A466692-3471-44BA-AB5A-918817D8964C}.Release|x86.Build.0 = Release|Win32
	EndGlobalSection
	GlobalSection(SolutionProperties) = preSolution
		HideSolutionNode = FALSE
	EndGlobalSection
	GlobalSection(ExtensibilityGlobals) = postSolution
		SolutionGuid = {79202ECC-D6E9-4CDA-BBD6-AAA834F3B921}
	EndGlobalSection
EndGlobal
